{
  "version": 4,
  "terraform_version": "0.12.9",
  "serial": 5,
  "lineage": "aee7b9b0-621a-8bb4-e9bf-34b12f0d0928",
  "outputs": {},
  "resources": [
    {
      "mode": "managed",
      "type": "google_container_cluster",
      "name": "gke-cluster",
      "provider": "provider.google",
      "instances": [
        {
          "schema_version": 1,
          "attributes": {
            "additional_zones": [],
            "addons_config": [
              {
                "horizontal_pod_autoscaling": [],
                "http_load_balancing": [],
                "kubernetes_dashboard": [
                  {
                    "disabled": true
                  }
                ],
                "network_policy_config": [
                  {
                    "disabled": true
                  }
                ]
              }
            ],
            "cluster_autoscaling": [],
            "cluster_ipv4_cidr": "10.8.0.0/14",
            "default_max_pods_per_node": 110,
            "description": "",
            "enable_binary_authorization": null,
            "enable_intranode_visibility": null,
            "enable_kubernetes_alpha": false,
            "enable_legacy_abac": false,
            "enable_tpu": null,
            "endpoint": "104.155.55.114",
            "id": "chainlink-cluster",
            "initial_node_count": 1,
            "instance_group_urls": [],
            "ip_allocation_policy": [],
            "location": "europe-west1-d",
            "logging_service": "logging.googleapis.com",
            "maintenance_policy": [],
            "master_auth": [
              {
                "client_certificate": "",
                "client_certificate_config": [
                  {
                    "issue_client_certificate": false
                  }
                ],
                "client_key": "",
                "cluster_ca_certificate": "LS0tLS1CRUdJTiBDRVJUSUZJQ0FURS0tLS0tCk1JSURERENDQWZTZ0F3SUJBZ0lSQUt0dnh0UEc4b2V3R2ZsbDFhQWZuSmd3RFFZSktvWklodmNOQVFFTEJRQXcKTHpFdE1Dc0dBMVVFQXhNa05UTTVPVGc1TnprdE16WTVaUzAwWXpSbExXRm1OalV0WVdRelpUQXhOamczT0dZdwpNQjRYRFRFNU1URXhNekl3TURrd05Gb1hEVEkwTVRFeE1USXhNRGt3TkZvd0x6RXRNQ3NHQTFVRUF4TWtOVE01Ck9UZzVOemt0TXpZNVpTMDBZelJsTFdGbU5qVXRZV1F6WlRBeE5qZzNPR1l3TUlJQklqQU5CZ2txaGtpRzl3MEIKQVFFRkFBT0NBUThBTUlJQkNnS0NBUUVBcERUVkh2cnRMMWZJV1ExMXVPOHg1VjBlTzJOZ1MrVFN3d1A2MG9GMApIV0JBZ0dKYlFoelU1SWx1REhnV09WV3hGbUxxWWk0K2l4UDBQRm1xbHlkMUhaZzdxUXRYWmozaW01L0dCenkxCjFmVHdGR2ZXcE5aVVp3Nk1HZldEYUVQa0ZodHlIeW4yVEdXbUZRNUxMdjRSL0sxOTFlUTBmVG9KT3RxNjlZdTUKcUN1Qis2UVNLNFJ3OTFYU1NKSmZMUkRZYmx3eGJlZ2Y1RXhyTlVVTk00bFgrSTJJeTB2NW5WUm5qK2syZ2dMYwpWZ0FSMFkvbUMySkdkNk41SUpMckRLUUhYb0RKcXFXb3JOekE2TFllSWpzKzZDTk9NREdaZGw0LzljRXZ1dHdJCldQcHJyTjJXZXd2SnQ2Q25tdnRKL250WW1UUjV6UjducnhlVFNGeksybktwNFFJREFRQUJveU13SVRBT0JnTlYKSFE4QkFmOEVCQU1DQWdRd0R3WURWUjBUQVFIL0JBVXdBd0VCL3pBTkJna3Foa2lHOXcwQkFRc0ZBQU9DQVFFQQpKTG5wTGNqM1RISU1lV2Q2TnZ6b3d2ak55TEF2bXp6M21UNjZLMTYrTGN5T0VxbDUvb1JvUUhnbVdhSGNuVUJXCjRLMmpBL2U0clI3ZlgrRUpmY0pZNC9SZDhkWE1obnFtaTMxUE5JQUlhQUd2dVpDV2RnbXlSMlY0R09tQkxsbGoKK0tueWZlSjVVUFh6dGpwcHJGTnVkZ0dOWkdTSDJIOE8rZ0QvMmZ6cnN5RWRUVGZtYTRNcVdjbGdqNGlLUVdqOQpwS2lKVEJPZHIrTEx4Zkg2dDJrWG1ua0tjQjhOSjU4V2JtZjNERCtPWkEyTzdTbzNGUk50VyszNGhKV09jYmJHCkRXK3Nncy9WT0IyUWI1b1oyUGNBNnpadEh5dEZpckNkd1BNUDQxZXlUYmN6YkZtSC9kcHcyTkVzbUtpQnVyV1kKMDZ1OTlsbUo4dHVNVjRuaXU5c2hRQT09Ci0tLS0tRU5EIENFUlRJRklDQVRFLS0tLS0K",
                "password": "",
                "username": ""
              }
            ],
            "master_authorized_networks_config": [],
            "master_version": "1.13.11-gke.9",
            "min_master_version": null,
            "monitoring_service": "monitoring.googleapis.com",
            "name": "chainlink-cluster",
            "network": "projects/pega88-dlt/global/networks/default",
            "network_policy": [
              {
                "enabled": false,
                "provider": "PROVIDER_UNSPECIFIED"
              }
            ],
            "node_config": [],
            "node_locations": [],
            "node_pool": [],
            "node_version": "1.13.11-gke.9",
            "pod_security_policy_config": [],
            "private_cluster_config": [],
            "project": "pega88-dlt",
            "region": null,
            "remove_default_node_pool": true,
            "resource_labels": null,
            "services_ipv4_cidr": "10.11.240.0/20",
            "subnetwork": "projects/pega88-dlt/regions/europe-west1/subnetworks/default",
            "timeouts": null,
            "zone": "europe-west1-d"
          },
          "private": "eyJlMmJmYjczMC1lY2FhLTExZTYtOGY4OC0zNDM2M2JjN2M0YzAiOnsiY3JlYXRlIjoxODAwMDAwMDAwMDAwLCJkZWxldGUiOjE4MDAwMDAwMDAwMDAsInVwZGF0ZSI6MzYwMDAwMDAwMDAwMH0sInNjaGVtYV92ZXJzaW9uIjoiMSJ9",
          "depends_on": [
            "google_project_service.container_api"
          ]
        }
      ]
    },
    {
      "mode": "managed",
      "type": "google_container_node_pool",
      "name": "main_nodes",
      "provider": "provider.google",
      "instances": [
        {
          "schema_version": 1,
          "attributes": {
            "autoscaling": [],
            "cluster": "chainlink-cluster",
            "id": "europe-west1-d/chainlink-cluster/main-nodes",
            "initial_node_count": 3,
            "instance_group_urls": [
              "https://www.googleapis.com/compute/v1/projects/pega88-dlt/zones/europe-west1-d/instanceGroupManagers/gke-chainlink-cluster-main-nodes-842657d3-grp"
            ],
            "location": "europe-west1-d",
            "management": [
              {
                "auto_repair": false,
                "auto_upgrade": false
              }
            ],
            "max_pods_per_node": null,
            "name": "main-nodes",
            "name_prefix": "",
            "node_config": [
              {
                "disk_size_gb": 100,
                "disk_type": "pd-standard",
                "guest_accelerator": [],
                "image_type": "COS",
                "labels": {},
                "local_ssd_count": 0,
                "machine_type": "n1-standard-1",
                "metadata": {
                  "disable-legacy-endpoints": "true"
                },
                "min_cpu_platform": "",
                "oauth_scopes": [
                  "https://www.googleapis.com/auth/cloud-platform"
                ],
                "preemptible": false,
                "sandbox_config": [],
                "service_account": "gke-nodes@pega88-dlt.iam.gserviceaccount.com",
                "shielded_instance_config": [
                  {
                    "enable_integrity_monitoring": true,
                    "enable_secure_boot": false
                  }
                ],
                "tags": null,
                "taint": [],
                "workload_metadata_config": []
              }
            ],
            "node_count": 3,
            "project": "pega88-dlt",
            "region": null,
            "timeouts": null,
            "version": "1.13.11-gke.9",
            "zone": "europe-west1-d"
          },
          "private": "eyJlMmJmYjczMC1lY2FhLTExZTYtOGY4OC0zNDM2M2JjN2M0YzAiOnsiY3JlYXRlIjoxODAwMDAwMDAwMDAwLCJkZWxldGUiOjYwMDAwMDAwMDAwMCwidXBkYXRlIjo2MDAwMDAwMDAwMDB9LCJzY2hlbWFfdmVyc2lvbiI6IjEifQ==",
          "depends_on": [
            "google_container_cluster.gke-cluster",
            "google_service_account.gke-nodes"
          ]
        }
      ]
    },
    {
      "mode": "managed",
      "type": "google_project_service",
      "name": "container_api",
      "provider": "provider.google",
      "instances": [
        {
          "schema_version": 0,
          "attributes": {
            "disable_dependent_services": true,
            "disable_on_destroy": true,
            "id": "pega88-dlt/container.googleapis.com",
            "project": "pega88-dlt",
            "service": "container.googleapis.com",
            "timeouts": null
          },
          "private": "eyJlMmJmYjczMC1lY2FhLTExZTYtOGY4OC0zNDM2M2JjN2M0YzAiOnsiY3JlYXRlIjoxMjAwMDAwMDAwMDAwLCJkZWxldGUiOjEyMDAwMDAwMDAwMDAsInJlYWQiOjYwMDAwMDAwMDAwMCwidXBkYXRlIjoxMjAwMDAwMDAwMDAwfX0="
        }
      ]
    },
    {
      "mode": "managed",
      "type": "google_service_account",
      "name": "gke-nodes",
      "provider": "provider.google",
      "instances": [
        {
          "schema_version": 0,
          "attributes": {
            "account_id": "gke-nodes",
            "description": "",
            "display_name": "Service Account used by Kubernetes Cluster",
            "email": "gke-nodes@pega88-dlt.iam.gserviceaccount.com",
            "id": "projects/pega88-dlt/serviceAccounts/gke-nodes@pega88-dlt.iam.gserviceaccount.com",
            "name": "projects/pega88-dlt/serviceAccounts/gke-nodes@pega88-dlt.iam.gserviceaccount.com",
            "policy_data": null,
            "project": "pega88-dlt",
            "unique_id": "111571297781582848629"
          },
          "private": "bnVsbA=="
        }
      ]
    }
  ]
}
